
Microsoft Visual Studio Solution File, Format Version 12.00
# Visual Studio Version 16
VisualStudioVersion = 16.0.30907.101
MinimumVisualStudioVersion = 10.0.40219.1
Project("{9A19103F-16F7-4668-BE54-9A1E7A4F7556}") = "Lambda3.Games.Api", "Lambda3.Games.Api\Lambda3.Games.Api.csproj", "{D0F707FA-52B2-4169-98DB-CBC3EDE8C4E5}"
EndProject
Project("{9A19103F-16F7-4668-BE54-9A1E7A4F7556}") = "Lambda3.Games.Tests", "Lambda3.Games.Tests\Lambda3.Games.Tests.csproj", "{C73520D3-15B3-4DAC-8A51-1457CE624087}"
EndProject
Project("{9A19103F-16F7-4668-BE54-9A1E7A4F7556}") = "Lambda3.Games.Core", "Lambda3.Games.Core\Lambda3.Games.Core.csproj", "{D16781AF-4641-4501-9D7C-6F387CFBAE71}"
EndProject
Project("{2150E333-8FDC-42A3-9474-1A3956D46DE8}") = "Solution Items", "Solution Items", "{D8A11E56-FA10-44E9-B980-C453B49257ED}"
	ProjectSection(SolutionItems) = preProject
		Dockerfile = Dockerfile
	EndProjectSection
EndProject
Global
	GlobalSection(SolutionConfigurationPlatforms) = preSolution
		Debug|Any CPU = Debug|Any CPU
		Release|Any CPU = Release|Any CPU
	EndGlobalSection
	GlobalSection(ProjectConfigurationPlatforms) = postSolution
		{D0F707FA-52B2-4169-98DB-CBC3EDE8C4E5}.Debug|Any CPU.ActiveCfg = Debug|Any CPU
		{D0F707FA-52B2-4169-98DB-CBC3EDE8C4E5}.Debug|Any CPU.Build.0 = Debug|Any CPU
		{D0F707FA-52B2-4169-98DB-CBC3EDE8C4E5}.Release|Any CPU.ActiveCfg = Release|Any CPU
		{D0F707FA-52B2-4169-98DB-CBC3EDE8C4E5}.Release|Any CPU.Build.0 = Release|Any CPU
		{C73520D3-15B3-4DAC-8A51-1457CE624087}.Debug|Any CPU.ActiveCfg = Debug|Any CPU
		{C73520D3-15B3-4DAC-8A51-1457CE624087}.Debug|Any CPU.Build.0 = Debug|Any CPU
		{C73520D3-15B3-4DAC-8A51-1457CE624087}.Release|Any CPU.ActiveCfg = Release|Any CPU
		{C73520D3-15B3-4DAC-8A51-1457CE624087}.Release|Any CPU.Build.0 = Release|Any CPU
		{D16781AF-4641-4501-9D7C-6F387CFBAE71}.Debug|Any CPU.ActiveCfg = Debug|Any CPU
		{D16781AF-4641-4501-9D7C-6F387CFBAE71}.Debug|Any CPU.Build.0 = Debug|Any CPU
		{D16781AF-4641-4501-9D7C-6F387CFBAE71}.Release|Any CPU.ActiveCfg = Release|Any CPU
		{D16781AF-4641-4501-9D7C-6F387CFBAE71}.Release|Any CPU.Build.0 = Release|Any CPU
	EndGlobalSection
	GlobalSection(SolutionProperties) = preSolution
		HideSolutionNode = FALSE
	EndGlobalSection
	GlobalSection(ExtensibilityGlobals) = postSolution
		SolutionGuid = {B5C6DEE4-074F-45AF-B9C8-4FBC9C1E0E08}
	EndGlobalSection
EndGlobal
